// !$*UTF8*$!
{
	archiveVersion = 1;
	classes = {
	};
	objectVersion = 51;
	objects = {

/* Begin PBXBuildFile section */
		472949ED264E5C06000551CD /* UIViewController+Ext.swift in Sources */ = {isa = PBXBuildFile; fileRef = 472949EC264E5C06000551CD /* UIViewController+Ext.swift */; };
		472949F1264E5D25000551CD /* HotelListViewController.swift in Sources */ = {isa = PBXBuildFile; fileRef = 472949F0264E5D25000551CD /* HotelListViewController.swift */; };
		472949F5264E5D31000551CD /* HotelListViewModel.swift in Sources */ = {isa = PBXBuildFile; fileRef = 472949F4264E5D31000551CD /* HotelListViewModel.swift */; };
		472949FA264E6354000551CD /* HotelCell.swift in Sources */ = {isa = PBXBuildFile; fileRef = 472949F8264E6354000551CD /* HotelCell.swift */; };
		472949FB264E6354000551CD /* HotelCell.xib in Resources */ = {isa = PBXBuildFile; fileRef = 472949F9264E6354000551CD /* HotelCell.xib */; };
		47294A01264E6431000551CD /* ProfileCell.swift in Sources */ = {isa = PBXBuildFile; fileRef = 472949FF264E6431000551CD /* ProfileCell.swift */; };
		47294A02264E6431000551CD /* ProfileCell.xib in Resources */ = {isa = PBXBuildFile; fileRef = 47294A00264E6431000551CD /* ProfileCell.xib */; };
		47294A09264E6A2A000551CD /* ReusableView.swift in Sources */ = {isa = PBXBuildFile; fileRef = 47294A08264E6A2A000551CD /* ReusableView.swift */; };
		47294A0C264E6E61000551CD /* User.swift in Sources */ = {isa = PBXBuildFile; fileRef = 47294A0B264E6E61000551CD /* User.swift */; };
		47294A0F264E6F0C000551CD /* DataStore.swift in Sources */ = {isa = PBXBuildFile; fileRef = 47294A0E264E6F0C000551CD /* DataStore.swift */; };
		47294A14264E7509000551CD /* NetworkManager.swift in Sources */ = {isa = PBXBuildFile; fileRef = 47294A13264E7509000551CD /* NetworkManager.swift */; };
		47294A18264E7595000551CD /* Hotel.swift in Sources */ = {isa = PBXBuildFile; fileRef = 47294A17264E7595000551CD /* Hotel.swift */; };
		47294A1B264E796F000551CD /* Response.swift in Sources */ = {isa = PBXBuildFile; fileRef = 47294A1A264E796F000551CD /* Response.swift */; };
		47294A2E264E8268000551CD /* DetailViewModel.swift in Sources */ = {isa = PBXBuildFile; fileRef = 47294A2D264E8268000551CD /* DetailViewModel.swift */; };
		47294A32264E8626000551CD /* DetailsViewController.swift in Sources */ = {isa = PBXBuildFile; fileRef = 47294A31264E8626000551CD /* DetailsViewController.swift */; };
		474572C8264E439B00D762C7 /* AppDelegate.swift in Sources */ = {isa = PBXBuildFile; fileRef = 474572C7264E439B00D762C7 /* AppDelegate.swift */; };
		474572CA264E439B00D762C7 /* SceneDelegate.swift in Sources */ = {isa = PBXBuildFile; fileRef = 474572C9264E439B00D762C7 /* SceneDelegate.swift */; };
		474572D1264E439C00D762C7 /* Assets.xcassets in Resources */ = {isa = PBXBuildFile; fileRef = 474572D0264E439C00D762C7 /* Assets.xcassets */; };
		474572D4264E439C00D762C7 /* LaunchScreen.storyboard in Resources */ = {isa = PBXBuildFile; fileRef = 474572D2264E439C00D762C7 /* LaunchScreen.storyboard */; };
		474572E5264E46DA00D762C7 /* LoginViewController.swift in Sources */ = {isa = PBXBuildFile; fileRef = 474572E4264E46DA00D762C7 /* LoginViewController.swift */; };
		474572E9264E46E500D762C7 /* LoginViewModel.swift in Sources */ = {isa = PBXBuildFile; fileRef = 474572E8264E46E500D762C7 /* LoginViewModel.swift */; };
		474572ED264E474200D762C7 /* Login.storyboard in Resources */ = {isa = PBXBuildFile; fileRef = 474572EC264E474200D762C7 /* Login.storyboard */; };
		47457307264E4DF500D762C7 /* UIColor+Ext.swift in Sources */ = {isa = PBXBuildFile; fileRef = 47457306264E4DF500D762C7 /* UIColor+Ext.swift */; };
		EDE4EC3E908E67BC02F455E8 /* Pods_Take_Home_App.framework in Frameworks */ = {isa = PBXBuildFile; fileRef = ACE3A014ADB8F7ADF51293B7 /* Pods_Take_Home_App.framework */; };
/* End PBXBuildFile section */

/* Begin PBXFileReference section */
		389F9E58FA4DD84FFCF8B331 /* Pods-Take Home App.debug.xcconfig */ = {isa = PBXFileReference; includeInIndex = 1; lastKnownFileType = text.xcconfig; name = "Pods-Take Home App.debug.xcconfig"; path = "Target Support Files/Pods-Take Home App/Pods-Take Home App.debug.xcconfig"; sourceTree = "<group>"; };
		472949EC264E5C06000551CD /* UIViewController+Ext.swift */ = {isa = PBXFileReference; lastKnownFileType = sourcecode.swift; path = "UIViewController+Ext.swift"; sourceTree = "<group>"; };
		472949F0264E5D25000551CD /* HotelListViewController.swift */ = {isa = PBXFileReference; lastKnownFileType = sourcecode.swift; path = HotelListViewController.swift; sourceTree = "<group>"; };
		472949F4264E5D31000551CD /* HotelListViewModel.swift */ = {isa = PBXFileReference; lastKnownFileType = sourcecode.swift; path = HotelListViewModel.swift; sourceTree = "<group>"; };
		472949F8264E6354000551CD /* HotelCell.swift */ = {isa = PBXFileReference; lastKnownFileType = sourcecode.swift; path = HotelCell.swift; sourceTree = "<group>"; };
		472949F9264E6354000551CD /* HotelCell.xib */ = {isa = PBXFileReference; lastKnownFileType = file.xib; path = HotelCell.xib; sourceTree = "<group>"; };
		472949FF264E6431000551CD /* ProfileCell.swift */ = {isa = PBXFileReference; lastKnownFileType = sourcecode.swift; path = ProfileCell.swift; sourceTree = "<group>"; };
		47294A00264E6431000551CD /* ProfileCell.xib */ = {isa = PBXFileReference; lastKnownFileType = file.xib; path = ProfileCell.xib; sourceTree = "<group>"; };
		47294A08264E6A2A000551CD /* ReusableView.swift */ = {isa = PBXFileReference; lastKnownFileType = sourcecode.swift; path = ReusableView.swift; sourceTree = "<group>"; };
		47294A0B264E6E61000551CD /* User.swift */ = {isa = PBXFileReference; lastKnownFileType = sourcecode.swift; path = User.swift; sourceTree = "<group>"; };
		47294A0E264E6F0C000551CD /* DataStore.swift */ = {isa = PBXFileReference; lastKnownFileType = sourcecode.swift; path = DataStore.swift; sourceTree = "<group>"; };
		47294A13264E7509000551CD /* NetworkManager.swift */ = {isa = PBXFileReference; lastKnownFileType = sourcecode.swift; path = NetworkManager.swift; sourceTree = "<group>"; };
		47294A17264E7595000551CD /* Hotel.swift */ = {isa = PBXFileReference; lastKnownFileType = sourcecode.swift; path = Hotel.swift; sourceTree = "<group>"; };
		47294A1A264E796F000551CD /* Response.swift */ = {isa = PBXFileReference; lastKnownFileType = sourcecode.swift; path = Response.swift; sourceTree = "<group>"; };
		47294A2D264E8268000551CD /* DetailViewModel.swift */ = {isa = PBXFileReference; lastKnownFileType = sourcecode.swift; path = DetailViewModel.swift; sourceTree = "<group>"; };
		47294A31264E8626000551CD /* DetailsViewController.swift */ = {isa = PBXFileReference; lastKnownFileType = sourcecode.swift; path = DetailsViewController.swift; sourceTree = "<group>"; };
		474572C4264E439B00D762C7 /* Take Home App.app */ = {isa = PBXFileReference; explicitFileType = wrapper.application; includeInIndex = 0; path = "Take Home App.app"; sourceTree = BUILT_PRODUCTS_DIR; };
		474572C7264E439B00D762C7 /* AppDelegate.swift */ = {isa = PBXFileReference; lastKnownFileType = sourcecode.swift; path = AppDelegate.swift; sourceTree = "<group>"; };
		474572C9264E439B00D762C7 /* SceneDelegate.swift */ = {isa = PBXFileReference; lastKnownFileType = sourcecode.swift; path = SceneDelegate.swift; sourceTree = "<group>"; };
		474572D0264E439C00D762C7 /* Assets.xcassets */ = {isa = PBXFileReference; lastKnownFileType = folder.assetcatalog; path = Assets.xcassets; sourceTree = "<group>"; };
		474572D3264E439C00D762C7 /* Base */ = {isa = PBXFileReference; lastKnownFileType = file.storyboard; name = Base; path = Base.lproj/LaunchScreen.storyboard; sourceTree = "<group>"; };
		474572D5264E439C00D762C7 /* Info.plist */ = {isa = PBXFileReference; lastKnownFileType = text.plist.xml; path = Info.plist; sourceTree = "<group>"; };
		474572E4264E46DA00D762C7 /* LoginViewController.swift */ = {isa = PBXFileReference; lastKnownFileType = sourcecode.swift; path = LoginViewController.swift; sourceTree = "<group>"; };
		474572E8264E46E500D762C7 /* LoginViewModel.swift */ = {isa = PBXFileReference; lastKnownFileType = sourcecode.swift; path = LoginViewModel.swift; sourceTree = "<group>"; };
		474572EC264E474200D762C7 /* Login.storyboard */ = {isa = PBXFileReference; lastKnownFileType = file.storyboard; path = Login.storyboard; sourceTree = "<group>"; };
		47457306264E4DF500D762C7 /* UIColor+Ext.swift */ = {isa = PBXFileReference; lastKnownFileType = sourcecode.swift; path = "UIColor+Ext.swift"; sourceTree = "<group>"; };
		ACE3A014ADB8F7ADF51293B7 /* Pods_Take_Home_App.framework */ = {isa = PBXFileReference; explicitFileType = wrapper.framework; includeInIndex = 0; path = Pods_Take_Home_App.framework; sourceTree = BUILT_PRODUCTS_DIR; };
		E12E66B2A4B3BECC32B4FE2F /* Pods-Take Home App.release.xcconfig */ = {isa = PBXFileReference; includeInIndex = 1; lastKnownFileType = text.xcconfig; name = "Pods-Take Home App.release.xcconfig"; path = "Target Support Files/Pods-Take Home App/Pods-Take Home App.release.xcconfig"; sourceTree = "<group>"; };
/* End PBXFileReference section */

/* Begin PBXFrameworksBuildPhase section */
		474572C1264E439B00D762C7 /* Frameworks */ = {
			isa = PBXFrameworksBuildPhase;
			buildActionMask = 2147483647;
			files = (
				EDE4EC3E908E67BC02F455E8 /* Pods_Take_Home_App.framework in Frameworks */,
			);
			runOnlyForDeploymentPostprocessing = 0;
		};
/* End PBXFrameworksBuildPhase section */

/* Begin PBXGroup section */
		27924D4E1699A5CF316E0C4A /* Frameworks */ = {
			isa = PBXGroup;
			children = (
				ACE3A014ADB8F7ADF51293B7 /* Pods_Take_Home_App.framework */,
			);
			name = Frameworks;
			sourceTree = "<group>";
		};
		2CC1B736D16EE96D7FBD1842 /* Pods */ = {
			isa = PBXGroup;
			children = (
				389F9E58FA4DD84FFCF8B331 /* Pods-Take Home App.debug.xcconfig */,
				E12E66B2A4B3BECC32B4FE2F /* Pods-Take Home App.release.xcconfig */,
			);
			path = Pods;
			sourceTree = "<group>";
		};
		472949EF264E5CFF000551CD /* Hotel List */ = {
			isa = PBXGroup;
			children = (
				472949F0264E5D25000551CD /* HotelListViewController.swift */,
				472949F4264E5D31000551CD /* HotelListViewModel.swift */,
			);
			path = "Hotel List";
			sourceTree = "<group>";
		};
		472949F7264E632E000551CD /* Cells */ = {
			isa = PBXGroup;
			children = (
				47294A05264E643A000551CD /* Profile Cell */,
				472949FE264E6418000551CD /* Hotel Cell */,
			);
			path = Cells;
			sourceTree = "<group>";
		};
		472949FE264E6418000551CD /* Hotel Cell */ = {
			isa = PBXGroup;
			children = (
				472949F8264E6354000551CD /* HotelCell.swift */,
				472949F9264E6354000551CD /* HotelCell.xib */,
			);
			path = "Hotel Cell";
			sourceTree = "<group>";
		};
		47294A05264E643A000551CD /* Profile Cell */ = {
			isa = PBXGroup;
			children = (
				472949FF264E6431000551CD /* ProfileCell.swift */,
				47294A00264E6431000551CD /* ProfileCell.xib */,
			);
			path = "Profile Cell";
			sourceTree = "<group>";
		};
		47294A07264E6A16000551CD /* Helpers */ = {
			isa = PBXGroup;
			children = (
				47294A08264E6A2A000551CD /* ReusableView.swift */,
				47294A0E264E6F0C000551CD /* DataStore.swift */,
				47294A1A264E796F000551CD /* Response.swift */,
			);
			path = Helpers;
			sourceTree = "<group>";
		};
		47294A12264E74E7000551CD /* Network */ = {
			isa = PBXGroup;
			children = (
				47294A13264E7509000551CD /* NetworkManager.swift */,
			);
			path = Network;
			sourceTree = "<group>";
		};
		47294A2C264E8250000551CD /* Detail */ = {
			isa = PBXGroup;
			children = (
				47294A31264E8626000551CD /* DetailsViewController.swift */,
				47294A2D264E8268000551CD /* DetailViewModel.swift */,
			);
			path = Detail;
			sourceTree = "<group>";
		};
		474572BB264E439B00D762C7 = {
			isa = PBXGroup;
			children = (
				474572C6264E439B00D762C7 /* Take Home App */,
				474572C5264E439B00D762C7 /* Products */,
				2CC1B736D16EE96D7FBD1842 /* Pods */,
				27924D4E1699A5CF316E0C4A /* Frameworks */,
			);
			sourceTree = "<group>";
		};
		474572C5264E439B00D762C7 /* Products */ = {
			isa = PBXGroup;
			children = (
				474572C4264E439B00D762C7 /* Take Home App.app */,
			);
			name = Products;
			sourceTree = "<group>";
		};
		474572C6264E439B00D762C7 /* Take Home App */ = {
			isa = PBXGroup;
			children = (
				474572E1264E464E00D762C7 /* Model */,
				474572E2264E466900D762C7 /* Scene */,
				47457305264E4DE400D762C7 /* Extensions */,
				47294A07264E6A16000551CD /* Helpers */,
				47294A12264E74E7000551CD /* Network */,
				474572DE264E45A700D762C7 /* Support Files */,
			);
			path = "Take Home App";
			sourceTree = "<group>";
		};
		474572DE264E45A700D762C7 /* Support Files */ = {
			isa = PBXGroup;
			children = (
				474572C7264E439B00D762C7 /* AppDelegate.swift */,
				474572C9264E439B00D762C7 /* SceneDelegate.swift */,
				474572D0264E439C00D762C7 /* Assets.xcassets */,
				474572D2264E439C00D762C7 /* LaunchScreen.storyboard */,
				474572D5264E439C00D762C7 /* Info.plist */,
			);
			name = "Support Files";
			sourceTree = "<group>";
		};
		474572E1264E464E00D762C7 /* Model */ = {
			isa = PBXGroup;
			children = (
				47294A0B264E6E61000551CD /* User.swift */,
				47294A17264E7595000551CD /* Hotel.swift */,
			);
			path = Model;
			sourceTree = "<group>";
		};
		474572E2264E466900D762C7 /* Scene */ = {
			isa = PBXGroup;
			children = (
				474572E3264E46A400D762C7 /* Login Scene */,
			);
			path = Scene;
			sourceTree = "<group>";
		};
		474572E3264E46A400D762C7 /* Login Scene */ = {
			isa = PBXGroup;
			children = (
				472949F7264E632E000551CD /* Cells */,
				47294A2C264E8250000551CD /* Detail */,
				472949EF264E5CFF000551CD /* Hotel List */,
				474572EB264E472900D762C7 /* Login */,
				474572EC264E474200D762C7 /* Login.storyboard */,
			);
			path = "Login Scene";
			sourceTree = "<group>";
		};
		474572EB264E472900D762C7 /* Login */ = {
			isa = PBXGroup;
			children = (
				474572E4264E46DA00D762C7 /* LoginViewController.swift */,
				474572E8264E46E500D762C7 /* LoginViewModel.swift */,
			);
			path = Login;
			sourceTree = "<group>";
		};
		47457305264E4DE400D762C7 /* Extensions */ = {
			isa = PBXGroup;
			children = (
				47457306264E4DF500D762C7 /* UIColor+Ext.swift */,
				472949EC264E5C06000551CD /* UIViewController+Ext.swift */,
			);
			path = Extensions;
			sourceTree = "<group>";
		};
/* End PBXGroup section */

/* Begin PBXNativeTarget section */
		474572C3264E439B00D762C7 /* Take Home App */ = {
			isa = PBXNativeTarget;
			buildConfigurationList = 474572D8264E439C00D762C7 /* Build configuration list for PBXNativeTarget "Take Home App" */;
			buildPhases = (
				9841610A236592943A78D294 /* [CP] Check Pods Manifest.lock */,
				474572C0264E439B00D762C7 /* Sources */,
				474572C1264E439B00D762C7 /* Frameworks */,
				474572C2264E439B00D762C7 /* Resources */,
				46706204C3FDBCEAC00BF98D /* [CP] Embed Pods Frameworks */,
			);
			buildRules = (
			);
			dependencies = (
			);
			name = "Take Home App";
			productName = "Take Home App";
			productReference = 474572C4264E439B00D762C7 /* Take Home App.app */;
			productType = "com.apple.product-type.application";
		};
/* End PBXNativeTarget section */

/* Begin PBXProject section */
		474572BC264E439B00D762C7 /* Project object */ = {
			isa = PBXProject;
			attributes = {
				LastSwiftUpdateCheck = 1240;
				LastUpgradeCheck = 1240;
				TargetAttributes = {
					474572C3264E439B00D762C7 = {
						CreatedOnToolsVersion = 12.4;
					};
				};
			};
			buildConfigurationList = 474572BF264E439B00D762C7 /* Build configuration list for PBXProject "Take Home App" */;
			compatibilityVersion = "Xcode 9.3";
			developmentRegion = en;
			hasScannedForEncodings = 0;
			knownRegions = (
				en,
				Base,
			);
			mainGroup = 474572BB264E439B00D762C7;
			productRefGroup = 474572C5264E439B00D762C7 /* Products */;
			projectDirPath = "";
			projectRoot = "";
			targets = (
				474572C3264E439B00D762C7 /* Take Home App */,
			);
		};
/* End PBXProject section */

/* Begin PBXResourcesBuildPhase section */
		474572C2264E439B00D762C7 /* Resources */ = {
			isa = PBXResourcesBuildPhase;
			buildActionMask = 2147483647;
			files = (
				474572D4264E439C00D762C7 /* LaunchScreen.storyboard in Resources */,
				474572D1264E439C00D762C7 /* Assets.xcassets in Resources */,
				472949FB264E6354000551CD /* HotelCell.xib in Resources */,
				474572ED264E474200D762C7 /* Login.storyboard in Resources */,
				47294A02264E6431000551CD /* ProfileCell.xib in Resources */,
			);
			runOnlyForDeploymentPostprocessing = 0;
		};
/* End PBXResourcesBuildPhase section */

/* Begin PBXShellScriptBuildPhase section */
		46706204C3FDBCEAC00BF98D /* [CP] Embed Pods Frameworks */ = {
			isa = PBXShellScriptBuildPhase;
			buildActionMask = 2147483647;
			files = (
			);
			inputFileListPaths = (
				"${PODS_ROOT}/Target Support Files/Pods-Take Home App/Pods-Take Home App-frameworks-${CONFIGURATION}-input-files.xcfilelist",
			);
			name = "[CP] Embed Pods Frameworks";
			outputFileListPaths = (
				"${PODS_ROOT}/Target Support Files/Pods-Take Home App/Pods-Take Home App-frameworks-${CONFIGURATION}-output-files.xcfilelist",
			);
			runOnlyForDeploymentPostprocessing = 0;
			shellPath = /bin/sh;
			shellScript = "\"${PODS_ROOT}/Target Support Files/Pods-Take Home App/Pods-Take Home App-frameworks.sh\"\n";
			showEnvVarsInLog = 0;
		};
		9841610A236592943A78D294 /* [CP] Check Pods Manifest.lock */ = {
			isa = PBXShellScriptBuildPhase;
			buildActionMask = 2147483647;
			files = (
			);
			inputFileListPaths = (
			);
			inputPaths = (
				"${PODS_PODFILE_DIR_PATH}/Podfile.lock",
				"${PODS_ROOT}/Manifest.lock",
			);
			name = "[CP] Check Pods Manifest.lock";
			outputFileListPaths = (
			);
			outputPaths = (
				"$(DERIVED_FILE_DIR)/Pods-Take Home App-checkManifestLockResult.txt",
			);
			runOnlyForDeploymentPostprocessing = 0;
			shellPath = /bin/sh;
			shellScript = "diff \"${PODS_PODFILE_DIR_PATH}/Podfile.lock\" \"${PODS_ROOT}/Manifest.lock\" > /dev/null\nif [ $? != 0 ] ; then\n    # print error to STDERR\n    echo \"error: The sandbox is not in sync with the Podfile.lock. Run 'pod install' or update your CocoaPods installation.\" >&2\n    exit 1\nfi\n# This output is used by Xcode 'outputs' to avoid re-running this script phase.\necho \"SUCCESS\" > \"${SCRIPT_OUTPUT_FILE_0}\"\n";
			showEnvVarsInLog = 0;
		};
/* End PBXShellScriptBuildPhase section */

/* Begin PBXSourcesBuildPhase section */
		474572C0264E439B00D762C7 /* Sources */ = {
			isa = PBXSourcesBuildPhase;
			buildActionMask = 2147483647;
			files = (
				47294A18264E7595000551CD /* Hotel.swift in Sources */,
				47294A0F264E6F0C000551CD /* DataStore.swift in Sources */,
				474572E9264E46E500D762C7 /* LoginViewModel.swift in Sources */,
				474572E5264E46DA00D762C7 /* LoginViewController.swift in Sources */,
				472949ED264E5C06000551CD /* UIViewController+Ext.swift in Sources */,
				47457307264E4DF500D762C7 /* UIColor+Ext.swift in Sources */,
				47294A09264E6A2A000551CD /* ReusableView.swift in Sources */,
				474572C8264E439B00D762C7 /* AppDelegate.swift in Sources */,
				47294A1B264E796F000551CD /* Response.swift in Sources */,
				472949F1264E5D25000551CD /* HotelListViewController.swift in Sources */,
				472949FA264E6354000551CD /* HotelCell.swift in Sources */,
				47294A32264E8626000551CD /* DetailsViewController.swift in Sources */,
				47294A0C264E6E61000551CD /* User.swift in Sources */,
				47294A2E264E8268000551CD /* DetailViewModel.swift in Sources */,
				47294A14264E7509000551CD /* NetworkManager.swift in Sources */,
				474572CA264E439B00D762C7 /* SceneDelegate.swift in Sources */,
				472949F5264E5D31000551CD /* HotelListViewModel.swift in Sources */,
				47294A01264E6431000551CD /* ProfileCell.swift in Sources */,
			);
			runOnlyForDeploymentPostprocessing = 0;
		};
/* End PBXSourcesBuildPhase section */

/* Begin PBXVariantGroup section */
		474572D2264E439C00D762C7 /* LaunchScreen.storyboard */ = {
			isa = PBXVariantGroup;
			children = (
				474572D3264E439C00D762C7 /* Base */,
			);
			name = LaunchScreen.storyboard;
			sourceTree = "<group>";
		};
/* End PBXVariantGroup section */

/* Begin XCBuildConfiguration section */
		474572D6264E439C00D762C7 /* Debug */ = {
			isa = XCBuildConfiguration;
			buildSettings = {
				ALWAYS_SEARCH_USER_PATHS = NO;
				CLANG_ANALYZER_NONNULL = YES;
				CLANG_ANALYZER_NUMBER_OBJECT_CONVERSION = YES_AGGRESSIVE;
				CLANG_CXX_LANGUAGE_STANDARD = "gnu++14";
				CLANG_CXX_LIBRARY = "libc++";
				CLANG_ENABLE_MODULES = YES;
				CLANG_ENABLE_OBJC_ARC = YES;
				CLANG_ENABLE_OBJC_WEAK = YES;
				CLANG_WARN_BLOCK_CAPTURE_AUTORELEASING = YES;
				CLANG_WARN_BOOL_CONVERSION = YES;
				CLANG_WARN_COMMA = YES;
				CLANG_WARN_CONSTANT_CONVERSION = YES;
				CLANG_WARN_DEPRECATED_OBJC_IMPLEMENTATIONS = YES;
				CLANG_WARN_DIRECT_OBJC_ISA_USAGE = YES_ERROR;
				CLANG_WARN_DOCUMENTATION_COMMENTS = YES;
				CLANG_WARN_EMPTY_BODY = YES;
				CLANG_WARN_ENUM_CONVERSION = YES;
				CLANG_WARN_INFINITE_RECURSION = YES;
				CLANG_WARN_INT_CONVERSION = YES;
				CLANG_WARN_NON_LITERAL_NULL_CONVERSION = YES;
				CLANG_WARN_OBJC_IMPLICIT_RETAIN_SELF = YES;
				CLANG_WARN_OBJC_LITERAL_CONVERSION = YES;
				CLANG_WARN_OBJC_ROOT_CLASS = YES_ERROR;
				CLANG_WARN_QUOTED_INCLUDE_IN_FRAMEWORK_HEADER = YES;
				CLANG_WARN_RANGE_LOOP_ANALYSIS = YES;
				CLANG_WARN_STRICT_PROTOTYPES = YES;
				CLANG_WARN_SUSPICIOUS_MOVE = YES;
				CLANG_WARN_UNGUARDED_AVAILABILITY = YES_AGGRESSIVE;
				CLANG_WARN_UNREACHABLE_CODE = YES;
				CLANG_WARN__DUPLICATE_METHOD_MATCH = YES;
				COPY_PHASE_STRIP = NO;
				DEBUG_INFORMATION_FORMAT = dwarf;
				ENABLE_STRICT_OBJC_MSGSEND = YES;
				ENABLE_TESTABILITY = YES;
				GCC_C_LANGUAGE_STANDARD = gnu11;
				GCC_DYNAMIC_NO_PIC = NO;
				GCC_NO_COMMON_BLOCKS = YES;
				GCC_OPTIMIZATION_LEVEL = 0;
				GCC_PREPROCESSOR_DEFINITIONS = (
					"DEBUG=1",
					"$(inherited)",
				);
				GCC_WARN_64_TO_32_BIT_CONVERSION = YES;
				GCC_WARN_ABOUT_RETURN_TYPE = YES_ERROR;
				GCC_WARN_UNDECLARED_SELECTOR = YES;
				GCC_WARN_UNINITIALIZED_AUTOS = YES_AGGRESSIVE;
				GCC_WARN_UNUSED_FUNCTION = YES;
				GCC_WARN_UNUSED_VARIABLE = YES;
				IPHONEOS_DEPLOYMENT_TARGET = 14.4;
				MTL_ENABLE_DEBUG_INFO = INCLUDE_SOURCE;
				MTL_FAST_MATH = YES;
				ONLY_ACTIVE_ARCH = YES;
				SDKROOT = iphoneos;
				SWIFT_ACTIVE_COMPILATION_CONDITIONS = DEBUG;
				SWIFT_OPTIMIZATION_LEVEL = "-Onone";
			};
			name = Debug;
		};
		474572D7264E439C00D762C7 /* Release */ = {
			isa = XCBuildConfiguration;
			buildSettings = {
				ALWAYS_SEARCH_USER_PATHS = NO;
				CLANG_ANALYZER_NONNULL = YES;
				CLANG_ANALYZER_NUMBER_OBJECT_CONVERSION = YES_AGGRESSIVE;
				CLANG_CXX_LANGUAGE_STANDARD = "gnu++14";
				CLANG_CXX_LIBRARY = "libc++";
				CLANG_ENABLE_MODULES = YES;
				CLANG_ENABLE_OBJC_ARC = YES;
				CLANG_ENABLE_OBJC_WEAK = YES;
				CLANG_WARN_BLOCK_CAPTURE_AUTORELEASING = YES;
				CLANG_WARN_BOOL_CONVERSION = YES;
				CLANG_WARN_COMMA = YES;
				CLANG_WARN_CONSTANT_CONVERSION = YES;
				CLANG_WARN_DEPRECATED_OBJC_IMPLEMENTATIONS = YES;
				CLANG_WARN_DIRECT_OBJC_ISA_USAGE = YES_ERROR;
				CLANG_WARN_DOCUMENTATION_COMMENTS = YES;
				CLANG_WARN_EMPTY_BODY = YES;
				CLANG_WARN_ENUM_CONVERSION = YES;
				CLANG_WARN_INFINITE_RECURSION = YES;
				CLANG_WARN_INT_CONVERSION = YES;
				CLANG_WARN_NON_LITERAL_NULL_CONVERSION = YES;
				CLANG_WARN_OBJC_IMPLICIT_RETAIN_SELF = YES;
				CLANG_WARN_OBJC_LITERAL_CONVERSION = YES;
				CLANG_WARN_OBJC_ROOT_CLASS = YES_ERROR;
				CLANG_WARN_QUOTED_INCLUDE_IN_FRAMEWORK_HEADER = YES;
				CLANG_WARN_RANGE_LOOP_ANALYSIS = YES;
				CLANG_WARN_STRICT_PROTOTYPES = YES;
				CLANG_WARN_SUSPICIOUS_MOVE = YES;
				CLANG_WARN_UNGUARDED_AVAILABILITY = YES_AGGRESSIVE;
				CLANG_WARN_UNREACHABLE_CODE = YES;
				CLANG_WARN__DUPLICATE_METHOD_MATCH = YES;
				COPY_PHASE_STRIP = NO;
				DEBUG_INFORMATION_FORMAT = "dwarf-with-dsym";
				ENABLE_NS_ASSERTIONS = NO;
				ENABLE_STRICT_OBJC_MSGSEND = YES;
				GCC_C_LANGUAGE_STANDARD = gnu11;
				GCC_NO_COMMON_BLOCKS = YES;
				GCC_WARN_64_TO_32_BIT_CONVERSION = YES;
				GCC_WARN_ABOUT_RETURN_TYPE = YES_ERROR;
				GCC_WARN_UNDECLARED_SELECTOR = YES;
				GCC_WARN_UNINITIALIZED_AUTOS = YES_AGGRESSIVE;
				GCC_WARN_UNUSED_FUNCTION = YES;
				GCC_WARN_UNUSED_VARIABLE = YES;
				IPHONEOS_DEPLOYMENT_TARGET = 14.4;
				MTL_ENABLE_DEBUG_INFO = NO;
				MTL_FAST_MATH = YES;
				SDKROOT = iphoneos;
				SWIFT_COMPILATION_MODE = wholemodule;
				SWIFT_OPTIMIZATION_LEVEL = "-O";
				VALIDATE_PRODUCT = YES;
			};
			name = Release;
		};
		474572D9264E439C00D762C7 /* Debug */ = {
			isa = XCBuildConfiguration;
			baseConfigurationReference = 389F9E58FA4DD84FFCF8B331 /* Pods-Take Home App.debug.xcconfig */;
			buildSettings = {
				ASSETCATALOG_COMPILER_APPICON_NAME = AppIcon;
				ASSETCATALOG_COMPILER_GLOBAL_ACCENT_COLOR_NAME = AccentColor;
				CODE_SIGN_STYLE = Automatic;
				DEVELOPMENT_TEAM = 7BXSU3YQGA;
				INFOPLIST_FILE = "Take Home App/Info.plist";
				LD_RUNPATH_SEARCH_PATHS = (
					"$(inherited)",
					"@executable_path/Frameworks",
				);
				PRODUCT_BUNDLE_IDENTIFIER = "com.castleCode.Take-Home-App";
				PRODUCT_NAME = "$(TARGET_NAME)";
				SWIFT_VERSION = 5.0;
				TARGETED_DEVICE_FAMILY = 1;
			};
			name = Debug;
		};
		474572DA264E439C00D762C7 /* Release */ = {
			isa = XCBuildConfiguration;
			baseConfigurationReference = E12E66B2A4B3BECC32B4FE2F /* Pods-Take Home App.release.xcconfig */;
			buildSettings = {
				ASSETCATALOG_COMPILER_APPICON_NAME = AppIcon;
				ASSETCATALOG_COMPILER_GLOBAL_ACCENT_COLOR_NAME = AccentColor;
				CODE_SIGN_STYLE = Automatic;
				DEVELOPMENT_TEAM = 7BXSU3YQGA;
				INFOPLIST_FILE = "Take Home App/Info.plist";
				LD_RUNPATH_SEARCH_PATHS = (
					"$(inherited)",
					"@executable_path/Frameworks",
				);
				PRODUCT_BUNDLE_IDENTIFIER = "com.castleCode.Take-Home-App";
				PRODUCT_NAME = "$(TARGET_NAME)";
				SWIFT_VERSION = 5.0;
				TARGETED_DEVICE_FAMILY = 1;
			};
			name = Release;
		};
/* End XCBuildConfiguration section */

/* Begin XCConfigurationList section */
		474572BF264E439B00D762C7 /* Build configuration list for PBXProject "Take Home App" */ = {
			isa = XCConfigurationList;
			buildConfigurations = (
				474572D6264E439C00D762C7 /* Debug */,
				474572D7264E439C00D762C7 /* Release */,
			);
			defaultConfigurationIsVisible = 0;
			defaultConfigurationName = Release;
		};
		474572D8264E439C00D762C7 /* Build configuration list for PBXNativeTarget "Take Home App" */ = {
			isa = XCConfigurationList;
			buildConfigurations = (
				474572D9264E439C00D762C7 /* Debug */,
				474572DA264E439C00D762C7 /* Release */,
			);
			defaultConfigurationIsVisible = 0;
			defaultConfigurationName = Release;
		};
/* End XCConfigurationList section */
	};
	rootObject = 474572BC264E439B00D762C7 /* Project object */;
}
