// !$*UTF8*$!
{
	archiveVersion = 1;
	classes = {
	};
	objectVersion = 50;
	objects = {

/* Begin PBXBuildFile section */
		474572C8264E439B00D762C7 /* AppDelegate.swift in Sources */ = {isa = PBXBuildFile; fileRef = 474572C7264E439B00D762C7 /* AppDelegate.swift */; };
		474572CA264E439B00D762C7 /* SceneDelegate.swift in Sources */ = {isa = PBXBuildFile; fileRef = 474572C9264E439B00D762C7 /* SceneDelegate.swift */; };
		474572D1264E439C00D762C7 /* Assets.xcassets in Resources */ = {isa = PBXBuildFile; fileRef = 474572D0264E439C00D762C7 /* Assets.xcassets */; };
		474572D4264E439C00D762C7 /* LaunchScreen.storyboard in Resources */ = {isa = PBXBuildFile; fileRef = 474572D2264E439C00D762C7 /* LaunchScreen.storyboard */; };
		474572E5264E46DA00D762C7 /* LoginViewController.swift in Sources */ = {isa = PBXBuildFile; fileRef = 474572E4264E46DA00D762C7 /* LoginViewController.swift */; };
		474572E9264E46E500D762C7 /* LoginViewModel.swift in Sources */ = {isa = PBXBuildFile; fileRef = 474572E8264E46E500D762C7 /* LoginViewModel.swift */; };
		474572ED264E474200D762C7 /* Login.storyboard in Resources */ = {isa = PBXBuildFile; fileRef = 474572EC264E474200D762C7 /* Login.storyboard */; };
/* End PBXBuildFile section */

/* Begin PBXFileReference section */
		474572C4264E439B00D762C7 /* Take Home App.app */ = {isa = PBXFileReference; explicitFileType = wrapper.application; includeInIndex = 0; path = "Take Home App.app"; sourceTree = BUILT_PRODUCTS_DIR; };
		474572C7264E439B00D762C7 /* AppDelegate.swift */ = {isa = PBXFileReference; lastKnownFileType = sourcecode.swift; path = AppDelegate.swift; sourceTree = "<group>"; };
		474572C9264E439B00D762C7 /* SceneDelegate.swift */ = {isa = PBXFileReference; lastKnownFileType = sourcecode.swift; path = SceneDelegate.swift; sourceTree = "<group>"; };
		474572D0264E439C00D762C7 /* Assets.xcassets */ = {isa = PBXFileReference; lastKnownFileType = folder.assetcatalog; path = Assets.xcassets; sourceTree = "<group>"; };
		474572D3264E439C00D762C7 /* Base */ = {isa = PBXFileReference; lastKnownFileType = file.storyboard; name = Base; path = Base.lproj/LaunchScreen.storyboard; sourceTree = "<group>"; };
		474572D5264E439C00D762C7 /* Info.plist */ = {isa = PBXFileReference; lastKnownFileType = text.plist.xml; path = Info.plist; sourceTree = "<group>"; };
		474572E4264E46DA00D762C7 /* LoginViewController.swift */ = {isa = PBXFileReference; lastKnownFileType = sourcecode.swift; path = LoginViewController.swift; sourceTree = "<group>"; };
		474572E8264E46E500D762C7 /* LoginViewModel.swift */ = {isa = PBXFileReference; lastKnownFileType = sourcecode.swift; path = LoginViewModel.swift; sourceTree = "<group>"; };
		474572EC264E474200D762C7 /* Login.storyboard */ = {isa = PBXFileReference; lastKnownFileType = file.storyboard; path = Login.storyboard; sourceTree = "<group>"; };
/* End PBXFileReference section */

/* Begin PBXFrameworksBuildPhase section */
		474572C1264E439B00D762C7 /* Frameworks */ = {
			isa = PBXFrameworksBuildPhase;
			buildActionMask = 2147483647;
			files = (
			);
			runOnlyForDeploymentPostprocessing = 0;
		};
/* End PBXFrameworksBuildPhase section */

/* Begin PBXGroup section */
		474572BB264E439B00D762C7 = {
			isa = PBXGroup;
			children = (
				474572C6264E439B00D762C7 /* Take Home App */,
				474572C5264E439B00D762C7 /* Products */,
			);
			sourceTree = "<group>";
		};
		474572C5264E439B00D762C7 /* Products */ = {
			isa = PBXGroup;
			children = (
				474572C4264E439B00D762C7 /* Take Home App.app */,
			);
			name = Products;
			sourceTree = "<group>";
		};
		474572C6264E439B00D762C7 /* Take Home App */ = {
			isa = PBXGroup;
			children = (
				474572E1264E464E00D762C7 /* Model */,
				474572E2264E466900D762C7 /* Scene */,
				474572DE264E45A700D762C7 /* Support Files */,
			);
			path = "Take Home App";
			sourceTree = "<group>";
		};
		474572DE264E45A700D762C7 /* Support Files */ = {
			isa = PBXGroup;
			children = (
				474572C7264E439B00D762C7 /* AppDelegate.swift */,
				474572C9264E439B00D762C7 /* SceneDelegate.swift */,
				474572D0264E439C00D762C7 /* Assets.xcassets */,
				474572D2264E439C00D762C7 /* LaunchScreen.storyboard */,
				474572D5264E439C00D762C7 /* Info.plist */,
			);
			name = "Support Files";
			sourceTree = "<group>";
		};
		474572E1264E464E00D762C7 /* Model */ = {
			isa = PBXGroup;
			children = (
			);
			path = Model;
			sourceTree = "<group>";
		};
		474572E2264E466900D762C7 /* Scene */ = {
			isa = PBXGroup;
			children = (
				474572E3264E46A400D762C7 /* Login Scene */,
			);
			path = Scene;
			sourceTree = "<group>";
		};
		474572E3264E46A400D762C7 /* Login Scene */ = {
			isa = PBXGroup;
			children = (
				474572EB264E472900D762C7 /* Login */,
				474572EC264E474200D762C7 /* Login.storyboard */,
			);
			path = "Login Scene";
			sourceTree = "<group>";
		};
		474572EB264E472900D762C7 /* Login */ = {
			isa = PBXGroup;
			children = (
				474572E4264E46DA00D762C7 /* LoginViewController.swift */,
				474572E8264E46E500D762C7 /* LoginViewModel.swift */,
			);
			path = Login;
			sourceTree = "<group>";
		};
/* End PBXGroup section */

/* Begin PBXNativeTarget section */
		474572C3264E439B00D762C7 /* Take Home App */ = {
			isa = PBXNativeTarget;
			buildConfigurationList = 474572D8264E439C00D762C7 /* Build configuration list for PBXNativeTarget "Take Home App" */;
			buildPhases = (
				474572C0264E439B00D762C7 /* Sources */,
				474572C1264E439B00D762C7 /* Frameworks */,
				474572C2264E439B00D762C7 /* Resources */,
			);
			buildRules = (
			);
			dependencies = (
			);
			name = "Take Home App";
			productName = "Take Home App";
			productReference = 474572C4264E439B00D762C7 /* Take Home App.app */;
			productType = "com.apple.product-type.application";
		};
/* End PBXNativeTarget section */

/* Begin PBXProject section */
		474572BC264E439B00D762C7 /* Project object */ = {
			isa = PBXProject;
			attributes = {
				LastSwiftUpdateCheck = 1240;
				LastUpgradeCheck = 1240;
				TargetAttributes = {
					474572C3264E439B00D762C7 = {
						CreatedOnToolsVersion = 12.4;
					};
				};
			};
			buildConfigurationList = 474572BF264E439B00D762C7 /* Build configuration list for PBXProject "Take Home App" */;
			compatibilityVersion = "Xcode 9.3";
			developmentRegion = en;
			hasScannedForEncodings = 0;
			knownRegions = (
				en,
				Base,
			);
			mainGroup = 474572BB264E439B00D762C7;
			productRefGroup = 474572C5264E439B00D762C7 /* Products */;
			projectDirPath = "";
			projectRoot = "";
			targets = (
				474572C3264E439B00D762C7 /* Take Home App */,
			);
		};
/* End PBXProject section */

/* Begin PBXResourcesBuildPhase section */
		474572C2264E439B00D762C7 /* Resources */ = {
			isa = PBXResourcesBuildPhase;
			buildActionMask = 2147483647;
			files = (
				474572D4264E439C00D762C7 /* LaunchScreen.storyboard in Resources */,
				474572D1264E439C00D762C7 /* Assets.xcassets in Resources */,
				474572ED264E474200D762C7 /* Login.storyboard in Resources */,
			);
			runOnlyForDeploymentPostprocessing = 0;
		};
/* End PBXResourcesBuildPhase section */

/* Begin PBXSourcesBuildPhase section */
		474572C0264E439B00D762C7 /* Sources */ = {
			isa = PBXSourcesBuildPhase;
			buildActionMask = 2147483647;
			files = (
				474572E9264E46E500D762C7 /* LoginViewModel.swift in Sources */,
				474572E5264E46DA00D762C7 /* LoginViewController.swift in Sources */,
				474572C8264E439B00D762C7 /* AppDelegate.swift in Sources */,
				474572CA264E439B00D762C7 /* SceneDelegate.swift in Sources */,
			);
			runOnlyForDeploymentPostprocessing = 0;
		};
/* End PBXSourcesBuildPhase section */

/* Begin PBXVariantGroup section */
		474572D2264E439C00D762C7 /* LaunchScreen.storyboard */ = {
			isa = PBXVariantGroup;
			children = (
				474572D3264E439C00D762C7 /* Base */,
			);
			name = LaunchScreen.storyboard;
			sourceTree = "<group>";
		};
/* End PBXVariantGroup section */

/* Begin XCBuildConfiguration section */
		474572D6264E439C00D762C7 /* Debug */ = {
			isa = XCBuildConfiguration;
			buildSettings = {
				ALWAYS_SEARCH_USER_PATHS = NO;
				CLANG_ANALYZER_NONNULL = YES;
				CLANG_ANALYZER_NUMBER_OBJECT_CONVERSION = YES_AGGRESSIVE;
				CLANG_CXX_LANGUAGE_STANDARD = "gnu++14";
				CLANG_CXX_LIBRARY = "libc++";
				CLANG_ENABLE_MODULES = YES;
				CLANG_ENABLE_OBJC_ARC = YES;
				CLANG_ENABLE_OBJC_WEAK = YES;
				CLANG_WARN_BLOCK_CAPTURE_AUTORELEASING = YES;
				CLANG_WARN_BOOL_CONVERSION = YES;
				CLANG_WARN_COMMA = YES;
				CLANG_WARN_CONSTANT_CONVERSION = YES;
				CLANG_WARN_DEPRECATED_OBJC_IMPLEMENTATIONS = YES;
				CLANG_WARN_DIRECT_OBJC_ISA_USAGE = YES_ERROR;
				CLANG_WARN_DOCUMENTATION_COMMENTS = YES;
				CLANG_WARN_EMPTY_BODY = YES;
				CLANG_WARN_ENUM_CONVERSION = YES;
				CLANG_WARN_INFINITE_RECURSION = YES;
				CLANG_WARN_INT_CONVERSION = YES;
				CLANG_WARN_NON_LITERAL_NULL_CONVERSION = YES;
				CLANG_WARN_OBJC_IMPLICIT_RETAIN_SELF = YES;
				CLANG_WARN_OBJC_LITERAL_CONVERSION = YES;
				CLANG_WARN_OBJC_ROOT_CLASS = YES_ERROR;
				CLANG_WARN_QUOTED_INCLUDE_IN_FRAMEWORK_HEADER = YES;
				CLANG_WARN_RANGE_LOOP_ANALYSIS = YES;
				CLANG_WARN_STRICT_PROTOTYPES = YES;
				CLANG_WARN_SUSPICIOUS_MOVE = YES;
				CLANG_WARN_UNGUARDED_AVAILABILITY = YES_AGGRESSIVE;
				CLANG_WARN_UNREACHABLE_CODE = YES;
				CLANG_WARN__DUPLICATE_METHOD_MATCH = YES;
				COPY_PHASE_STRIP = NO;
				DEBUG_INFORMATION_FORMAT = dwarf;
				ENABLE_STRICT_OBJC_MSGSEND = YES;
				ENABLE_TESTABILITY = YES;
				GCC_C_LANGUAGE_STANDARD = gnu11;
				GCC_DYNAMIC_NO_PIC = NO;
				GCC_NO_COMMON_BLOCKS = YES;
				GCC_OPTIMIZATION_LEVEL = 0;
				GCC_PREPROCESSOR_DEFINITIONS = (
					"DEBUG=1",
					"$(inherited)",
				);
				GCC_WARN_64_TO_32_BIT_CONVERSION = YES;
				GCC_WARN_ABOUT_RETURN_TYPE = YES_ERROR;
				GCC_WARN_UNDECLARED_SELECTOR = YES;
				GCC_WARN_UNINITIALIZED_AUTOS = YES_AGGRESSIVE;
				GCC_WARN_UNUSED_FUNCTION = YES;
				GCC_WARN_UNUSED_VARIABLE = YES;
				IPHONEOS_DEPLOYMENT_TARGET = 14.4;
				MTL_ENABLE_DEBUG_INFO = INCLUDE_SOURCE;
				MTL_FAST_MATH = YES;
				ONLY_ACTIVE_ARCH = YES;
				SDKROOT = iphoneos;
				SWIFT_ACTIVE_COMPILATION_CONDITIONS = DEBUG;
				SWIFT_OPTIMIZATION_LEVEL = "-Onone";
			};
			name = Debug;
		};
		474572D7264E439C00D762C7 /* Release */ = {
			isa = XCBuildConfiguration;
			buildSettings = {
				ALWAYS_SEARCH_USER_PATHS = NO;
				CLANG_ANALYZER_NONNULL = YES;
				CLANG_ANALYZER_NUMBER_OBJECT_CONVERSION = YES_AGGRESSIVE;
				CLANG_CXX_LANGUAGE_STANDARD = "gnu++14";
				CLANG_CXX_LIBRARY = "libc++";
				CLANG_ENABLE_MODULES = YES;
				CLANG_ENABLE_OBJC_ARC = YES;
				CLANG_ENABLE_OBJC_WEAK = YES;
				CLANG_WARN_BLOCK_CAPTURE_AUTORELEASING = YES;
				CLANG_WARN_BOOL_CONVERSION = YES;
				CLANG_WARN_COMMA = YES;
				CLANG_WARN_CONSTANT_CONVERSION = YES;
				CLANG_WARN_DEPRECATED_OBJC_IMPLEMENTATIONS = YES;
				CLANG_WARN_DIRECT_OBJC_ISA_USAGE = YES_ERROR;
				CLANG_WARN_DOCUMENTATION_COMMENTS = YES;
				CLANG_WARN_EMPTY_BODY = YES;
				CLANG_WARN_ENUM_CONVERSION = YES;
				CLANG_WARN_INFINITE_RECURSION = YES;
				CLANG_WARN_INT_CONVERSION = YES;
				CLANG_WARN_NON_LITERAL_NULL_CONVERSION = YES;
				CLANG_WARN_OBJC_IMPLICIT_RETAIN_SELF = YES;
				CLANG_WARN_OBJC_LITERAL_CONVERSION = YES;
				CLANG_WARN_OBJC_ROOT_CLASS = YES_ERROR;
				CLANG_WARN_QUOTED_INCLUDE_IN_FRAMEWORK_HEADER = YES;
				CLANG_WARN_RANGE_LOOP_ANALYSIS = YES;
				CLANG_WARN_STRICT_PROTOTYPES = YES;
				CLANG_WARN_SUSPICIOUS_MOVE = YES;
				CLANG_WARN_UNGUARDED_AVAILABILITY = YES_AGGRESSIVE;
				CLANG_WARN_UNREACHABLE_CODE = YES;
				CLANG_WARN__DUPLICATE_METHOD_MATCH = YES;
				COPY_PHASE_STRIP = NO;
				DEBUG_INFORMATION_FORMAT = "dwarf-with-dsym";
				ENABLE_NS_ASSERTIONS = NO;
				ENABLE_STRICT_OBJC_MSGSEND = YES;
				GCC_C_LANGUAGE_STANDARD = gnu11;
				GCC_NO_COMMON_BLOCKS = YES;
				GCC_WARN_64_TO_32_BIT_CONVERSION = YES;
				GCC_WARN_ABOUT_RETURN_TYPE = YES_ERROR;
				GCC_WARN_UNDECLARED_SELECTOR = YES;
				GCC_WARN_UNINITIALIZED_AUTOS = YES_AGGRESSIVE;
				GCC_WARN_UNUSED_FUNCTION = YES;
				GCC_WARN_UNUSED_VARIABLE = YES;
				IPHONEOS_DEPLOYMENT_TARGET = 14.4;
				MTL_ENABLE_DEBUG_INFO = NO;
				MTL_FAST_MATH = YES;
				SDKROOT = iphoneos;
				SWIFT_COMPILATION_MODE = wholemodule;
				SWIFT_OPTIMIZATION_LEVEL = "-O";
				VALIDATE_PRODUCT = YES;
			};
			name = Release;
		};
		474572D9264E439C00D762C7 /* Debug */ = {
			isa = XCBuildConfiguration;
			buildSettings = {
				ASSETCATALOG_COMPILER_APPICON_NAME = AppIcon;
				ASSETCATALOG_COMPILER_GLOBAL_ACCENT_COLOR_NAME = AccentColor;
				CODE_SIGN_STYLE = Automatic;
				DEVELOPMENT_TEAM = 7BXSU3YQGA;
				INFOPLIST_FILE = "Take Home App/Info.plist";
				LD_RUNPATH_SEARCH_PATHS = (
					"$(inherited)",
					"@executable_path/Frameworks",
				);
				PRODUCT_BUNDLE_IDENTIFIER = "com.castleCode.Take-Home-App";
				PRODUCT_NAME = "$(TARGET_NAME)";
				SWIFT_VERSION = 5.0;
				TARGETED_DEVICE_FAMILY = 1;
			};
			name = Debug;
		};
		474572DA264E439C00D762C7 /* Release */ = {
			isa = XCBuildConfiguration;
			buildSettings = {
				ASSETCATALOG_COMPILER_APPICON_NAME = AppIcon;
				ASSETCATALOG_COMPILER_GLOBAL_ACCENT_COLOR_NAME = AccentColor;
				CODE_SIGN_STYLE = Automatic;
				DEVELOPMENT_TEAM = 7BXSU3YQGA;
				INFOPLIST_FILE = "Take Home App/Info.plist";
				LD_RUNPATH_SEARCH_PATHS = (
					"$(inherited)",
					"@executable_path/Frameworks",
				);
				PRODUCT_BUNDLE_IDENTIFIER = "com.castleCode.Take-Home-App";
				PRODUCT_NAME = "$(TARGET_NAME)";
				SWIFT_VERSION = 5.0;
				TARGETED_DEVICE_FAMILY = 1;
			};
			name = Release;
		};
/* End XCBuildConfiguration section */

/* Begin XCConfigurationList section */
		474572BF264E439B00D762C7 /* Build configuration list for PBXProject "Take Home App" */ = {
			isa = XCConfigurationList;
			buildConfigurations = (
				474572D6264E439C00D762C7 /* Debug */,
				474572D7264E439C00D762C7 /* Release */,
			);
			defaultConfigurationIsVisible = 0;
			defaultConfigurationName = Release;
		};
		474572D8264E439C00D762C7 /* Build configuration list for PBXNativeTarget "Take Home App" */ = {
			isa = XCConfigurationList;
			buildConfigurations = (
				474572D9264E439C00D762C7 /* Debug */,
				474572DA264E439C00D762C7 /* Release */,
			);
			defaultConfigurationIsVisible = 0;
			defaultConfigurationName = Release;
		};
/* End XCConfigurationList section */
	};
	rootObject = 474572BC264E439B00D762C7 /* Project object */;
}
